
Microsoft Visual Studio Solution File, Format Version 12.00
# Visual Studio Version 16
VisualStudioVersion = 16.0.31702.278
MinimumVisualStudioVersion = 10.0.40219.1
Project("{9A19103F-16F7-4668-BE54-9A1E7A4F7556}") = "Test.Yaapii.JSON", "tests\Test.Yaapii.JSON\Test.Yaapii.JSON.csproj", "{74ABF429-2188-490F-BD6C-2DBD533750BC}"
EndProject
Project("{2150E333-8FDC-42A3-9474-1A3956D46DE8}") = "Assets", "Assets", "{28EAAA9C-28EC-4BFB-B4D0-D64E8281C0DC}"
	ProjectSection(SolutionItems) = preProject
		.editorconfig = .editorconfig
		.gitignore = .gitignore
		appveyor.yml = appveyor.yml
		build.cake = build.cake
		LICENSE = LICENSE
		README.md = README.md
	EndProjectSection
EndProject
Project("{9A19103F-16F7-4668-BE54-9A1E7A4F7556}") = "Yaapii.JSON", "src\Yaapii.JSON\Yaapii.JSON.csproj", "{93A9CA43-4EBB-494F-B9FF-192B60734C2B}"
EndProject
Global
	GlobalSection(SolutionConfigurationPlatforms) = preSolution
		Debug|Any CPU = Debug|Any CPU
		Release|Any CPU = Release|Any CPU
	EndGlobalSection
	GlobalSection(ProjectConfigurationPlatforms) = postSolution
		{74ABF429-2188-490F-BD6C-2DBD533750BC}.Debug|Any CPU.ActiveCfg = Debug|Any CPU
		{74ABF429-2188-490F-BD6C-2DBD533750BC}.Debug|Any CPU.Build.0 = Debug|Any CPU
		{74ABF429-2188-490F-BD6C-2DBD533750BC}.Release|Any CPU.ActiveCfg = Release|Any CPU
		{74ABF429-2188-490F-BD6C-2DBD533750BC}.Release|Any CPU.Build.0 = Release|Any CPU
		{93A9CA43-4EBB-494F-B9FF-192B60734C2B}.Debug|Any CPU.ActiveCfg = Debug|Any CPU
		{93A9CA43-4EBB-494F-B9FF-192B60734C2B}.Debug|Any CPU.Build.0 = Debug|Any CPU
		{93A9CA43-4EBB-494F-B9FF-192B60734C2B}.Release|Any CPU.ActiveCfg = Release|Any CPU
		{93A9CA43-4EBB-494F-B9FF-192B60734C2B}.Release|Any CPU.Build.0 = Release|Any CPU
	EndGlobalSection
	GlobalSection(SolutionProperties) = preSolution
		HideSolutionNode = FALSE
	EndGlobalSection
	GlobalSection(ExtensibilityGlobals) = postSolution
		SolutionGuid = {85400670-3177-4BAB-B743-4B850845E27C}
	EndGlobalSection
EndGlobal
